
Microsoft Visual Studio Solution File, Format Version 12.00
# Visual Studio 14
VisualStudioVersion = 14.0.25420.1
MinimumVisualStudioVersion = 10.0.40219.1
Project("{2150E333-8FDC-42A3-9474-1A3956D46DE8}") = "src", "src", "{DBFB8DD3-994F-482F-A2D5-0C3F68497E77}"
EndProject
Project("{2150E333-8FDC-42A3-9474-1A3956D46DE8}") = "Solution Items", "Solution Items", "{A81BBA67-164E-455F-AF57-EA6A84B08897}"
	ProjectSection(SolutionItems) = preProject
		global.json = global.json
	EndProjectSection
EndProject
Project("{8BB2217D-0F2D-49D1-97BC-3654ED321F3B}") = "SonOfCod", "src\SonOfCod\SonOfCod.xproj", "{0A1326AF-F4CF-4816-9D4F-72B2ACB0D7C2}"
EndProject
Global
	GlobalSection(SolutionConfigurationPlatforms) = preSolution
		Debug|Any CPU = Debug|Any CPU
		Release|Any CPU = Release|Any CPU
	EndGlobalSection
	GlobalSection(ProjectConfigurationPlatforms) = postSolution
		{0A1326AF-F4CF-4816-9D4F-72B2ACB0D7C2}.Debug|Any CPU.ActiveCfg = Debug|Any CPU
		{0A1326AF-F4CF-4816-9D4F-72B2ACB0D7C2}.Debug|Any CPU.Build.0 = Debug|Any CPU
		{0A1326AF-F4CF-4816-9D4F-72B2ACB0D7C2}.Release|Any CPU.ActiveCfg = Release|Any CPU
		{0A1326AF-F4CF-4816-9D4F-72B2ACB0D7C2}.Release|Any CPU.Build.0 = Release|Any CPU
	EndGlobalSection
	GlobalSection(SolutionProperties) = preSolution
		HideSolutionNode = FALSE
	EndGlobalSection
	GlobalSection(NestedProjects) = preSolution
		{0A1326AF-F4CF-4816-9D4F-72B2ACB0D7C2} = {DBFB8DD3-994F-482F-A2D5-0C3F68497E77}
	EndGlobalSection
EndGlobal
